
Microsoft Visual Studio Solution File, Format Version 12.00
# Visual Studio Version 17
VisualStudioVersion = 17.5.002.0
MinimumVisualStudioVersion = 10.0.40219.1
Project("{9A19103F-16F7-4668-BE54-9A1E7A4F7556}") = "Sem3", "Sem3.csproj", "{ED45D26F-4350-4435-A92E-2CDD49E700B5}"
EndProject
Global
	GlobalSection(SolutionConfigurationPlatforms) = preSolution
		Debug|Any CPU = Debug|Any CPU
		Release|Any CPU = Release|Any CPU
	EndGlobalSection
	GlobalSection(ProjectConfigurationPlatforms) = postSolution
		{ED45D26F-4350-4435-A92E-2CDD49E700B5}.Debug|Any CPU.ActiveCfg = Debug|Any CPU
		{ED45D26F-4350-4435-A92E-2CDD49E700B5}.Debug|Any CPU.Build.0 = Debug|Any CPU
		{ED45D26F-4350-4435-A92E-2CDD49E700B5}.Release|Any CPU.ActiveCfg = Release|Any CPU
		{ED45D26F-4350-4435-A92E-2CDD49E700B5}.Release|Any CPU.Build.0 = Release|Any CPU
	EndGlobalSection
	GlobalSection(SolutionProperties) = preSolution
		HideSolutionNode = FALSE
	EndGlobalSection
	GlobalSection(ExtensibilityGlobals) = postSolution
		SolutionGuid = {F4E06D2F-73B8-4FDB-BAA6-9DF5BC142892}
	EndGlobalSection
EndGlobal
